
Microsoft Visual Studio Solution File, Format Version 12.00
# Visual Studio Version 16
VisualStudioVersion = 25.0.1703.5
MinimumVisualStudioVersion = 10.0.40219.1
Project("{FAE04EC0-301F-11D3-BF4B-00C04F79EFBC}") = "Calculadora", "Calculadora\Calculadora.csproj", "{6E6FF428-A499-4D89-A26F-324FFF5489FA}"
EndProject
Project("{FAE04EC0-301F-11D3-BF4B-00C04F79EFBC}") = "TesteMSTest", "TesteMSTest\TesteMSTest.csproj", "{BB7B3C82-CB52-46E4-AD23-D95141367097}"
EndProject
Project("{FAE04EC0-301F-11D3-BF4B-00C04F79EFBC}") = "TesteXUnit", "TesteXUnit\TesteXUnit.csproj", "{740F3946-D5BB-49DA-BA52-C24198A86B9D}"
EndProject
Global
	GlobalSection(SolutionConfigurationPlatforms) = preSolution
		Debug|Any CPU = Debug|Any CPU
		Release|Any CPU = Release|Any CPU
	EndGlobalSection
	GlobalSection(ProjectConfigurationPlatforms) = postSolution
		{6E6FF428-A499-4D89-A26F-324FFF5489FA}.Debug|Any CPU.ActiveCfg = Debug|Any CPU
		{6E6FF428-A499-4D89-A26F-324FFF5489FA}.Debug|Any CPU.Build.0 = Debug|Any CPU
		{6E6FF428-A499-4D89-A26F-324FFF5489FA}.Release|Any CPU.ActiveCfg = Release|Any CPU
		{6E6FF428-A499-4D89-A26F-324FFF5489FA}.Release|Any CPU.Build.0 = Release|Any CPU
		{BB7B3C82-CB52-46E4-AD23-D95141367097}.Debug|Any CPU.ActiveCfg = Debug|Any CPU
		{BB7B3C82-CB52-46E4-AD23-D95141367097}.Debug|Any CPU.Build.0 = Debug|Any CPU
		{BB7B3C82-CB52-46E4-AD23-D95141367097}.Release|Any CPU.ActiveCfg = Release|Any CPU
		{BB7B3C82-CB52-46E4-AD23-D95141367097}.Release|Any CPU.Build.0 = Release|Any CPU
		{740F3946-D5BB-49DA-BA52-C24198A86B9D}.Debug|Any CPU.ActiveCfg = Debug|Any CPU
		{740F3946-D5BB-49DA-BA52-C24198A86B9D}.Debug|Any CPU.Build.0 = Debug|Any CPU
		{740F3946-D5BB-49DA-BA52-C24198A86B9D}.Release|Any CPU.ActiveCfg = Release|Any CPU
		{740F3946-D5BB-49DA-BA52-C24198A86B9D}.Release|Any CPU.Build.0 = Release|Any CPU
	EndGlobalSection
	GlobalSection(SolutionProperties) = preSolution
		HideSolutionNode = FALSE
	EndGlobalSection
	GlobalSection(ExtensibilityGlobals) = postSolution
		SolutionGuid = {E8268309-ABE5-4E06-87ED-121B4B9116A5}
	EndGlobalSection
EndGlobal
